
Microsoft Visual Studio Solution File, Format Version 12.00
# Visual Studio Version 16
VisualStudioVersion = 16.0.32802.440
MinimumVisualStudioVersion = 10.0.40219.1
Project("{FAE04EC0-301F-11D3-BF4B-00C04F79EFBC}") = "BarcodeGenerator", "BarcodeGenerator\BarcodeGenerator.csproj", "{71AD7C3A-CE50-48B7-AF92-6E0559E4BF93}"
EndProject
Global
	GlobalSection(SolutionConfigurationPlatforms) = preSolution
		Debug|Any CPU = Debug|Any CPU
		Release|Any CPU = Release|Any CPU
	EndGlobalSection
	GlobalSection(ProjectConfigurationPlatforms) = postSolution
		{71AD7C3A-CE50-48B7-AF92-6E0559E4BF93}.Debug|Any CPU.ActiveCfg = Debug|Any CPU
		{71AD7C3A-CE50-48B7-AF92-6E0559E4BF93}.Debug|Any CPU.Build.0 = Debug|Any CPU
		{71AD7C3A-CE50-48B7-AF92-6E0559E4BF93}.Release|Any CPU.ActiveCfg = Release|Any CPU
		{71AD7C3A-CE50-48B7-AF92-6E0559E4BF93}.Release|Any CPU.Build.0 = Release|Any CPU
	EndGlobalSection
	GlobalSection(SolutionProperties) = preSolution
		HideSolutionNode = FALSE
	EndGlobalSection
	GlobalSection(ExtensibilityGlobals) = postSolution
		SolutionGuid = {D286D1FF-6AD2-4A69-8D30-82CC0A864D67}
	EndGlobalSection
EndGlobal
